// !$*UTF8*$!
{
	archiveVersion = 1;
	classes = {
	};
	objectVersion = 55;
	objects = {

/* Begin PBXBuildFile section */
		9DAB53B828706BF2009A53B4 /* AppDelegate.swift in Sources */ = {isa = PBXBuildFile; fileRef = 9DAB53B728706BF2009A53B4 /* AppDelegate.swift */; };
		9DAB53BA28706BF2009A53B4 /* SceneDelegate.swift in Sources */ = {isa = PBXBuildFile; fileRef = 9DAB53B928706BF2009A53B4 /* SceneDelegate.swift */; };
		9DAB53BC28706BF2009A53B4 /* ViewController.swift in Sources */ = {isa = PBXBuildFile; fileRef = 9DAB53BB28706BF2009A53B4 /* ViewController.swift */; };
		9DAB53BF28706BF2009A53B4 /* Main.storyboard in Resources */ = {isa = PBXBuildFile; fileRef = 9DAB53BD28706BF2009A53B4 /* Main.storyboard */; };
		9DAB53C228706BF2009A53B4 /* NABWeather.xcdatamodeld in Sources */ = {isa = PBXBuildFile; fileRef = 9DAB53C028706BF2009A53B4 /* NABWeather.xcdatamodeld */; };
		9DAB53C428706BF3009A53B4 /* Assets.xcassets in Resources */ = {isa = PBXBuildFile; fileRef = 9DAB53C328706BF3009A53B4 /* Assets.xcassets */; };
		9DAB53C728706BF3009A53B4 /* LaunchScreen.storyboard in Resources */ = {isa = PBXBuildFile; fileRef = 9DAB53C528706BF3009A53B4 /* LaunchScreen.storyboard */; };
		9DAB53D828718E4B009A53B4 /* NetworkConfig.swift in Sources */ = {isa = PBXBuildFile; fileRef = 9DAB53D728718E4B009A53B4 /* NetworkConfig.swift */; };
		9DAB53DC287190DC009A53B4 /* Moya in Frameworks */ = {isa = PBXBuildFile; productRef = 9DAB53DB287190DC009A53B4 /* Moya */; };
		9DAB53DE2871911D009A53B4 /* DataTransferService.swift in Sources */ = {isa = PBXBuildFile; fileRef = 9DAB53DD2871911D009A53B4 /* DataTransferService.swift */; };
		9DAB53E228719228009A53B4 /* NABWeatherDomain in Frameworks */ = {isa = PBXBuildFile; productRef = 9DAB53E128719228009A53B4 /* NABWeatherDomain */; };
		9DAB53E4287192AB009A53B4 /* Requestable.swift in Sources */ = {isa = PBXBuildFile; fileRef = 9DAB53E3287192AB009A53B4 /* Requestable.swift */; };
		9DAB53E628719301009A53B4 /* NetworkProvider.swift in Sources */ = {isa = PBXBuildFile; fileRef = 9DAB53E528719301009A53B4 /* NetworkProvider.swift */; };
		9DAB53E8287194BA009A53B4 /* Endpoint.swift in Sources */ = {isa = PBXBuildFile; fileRef = 9DAB53E7287194BA009A53B4 /* Endpoint.swift */; };
		9DAB53EA28719535009A53B4 /* DataTransferService+TypeErasure.swift in Sources */ = {isa = PBXBuildFile; fileRef = 9DAB53E928719535009A53B4 /* DataTransferService+TypeErasure.swift */; };
		9DAB53ED28719A0F009A53B4 /* DailyForecast.swift in Sources */ = {isa = PBXBuildFile; fileRef = 9DAB53EC28719A0F009A53B4 /* DailyForecast.swift */; };
		9DAB53EF28719FE0009A53B4 /* TargetType+Weather.swift in Sources */ = {isa = PBXBuildFile; fileRef = 9DAB53EE28719FE0009A53B4 /* TargetType+Weather.swift */; };
		9DAB53F12871DC01009A53B4 /* ForecastResponse.swift in Sources */ = {isa = PBXBuildFile; fileRef = 9DAB53F02871DC01009A53B4 /* ForecastResponse.swift */; };
		9DAB53F32871E3FB009A53B4 /* ForecastRepositoryImpl+MemCache.swift in Sources */ = {isa = PBXBuildFile; fileRef = 9DAB53F22871E3FB009A53B4 /* ForecastRepositoryImpl+MemCache.swift */; };
		9DAB53F52871E43D009A53B4 /* ForecastRepositoryImpl+Coredata.swift in Sources */ = {isa = PBXBuildFile; fileRef = 9DAB53F42871E43D009A53B4 /* ForecastRepositoryImpl+Coredata.swift */; };
		9DB31D72287213C3009FC20E /* Cache.swift in Sources */ = {isa = PBXBuildFile; fileRef = 9DB31D71287213C3009FC20E /* Cache.swift */; };
		9DB31D7428721DB8009FC20E /* ForeCastEntities+Extensions.swift in Sources */ = {isa = PBXBuildFile; fileRef = 9DB31D7328721DB8009FC20E /* ForeCastEntities+Extensions.swift */; };
		9DFC4B862873415800734B84 /* ForecastViewController.swift in Sources */ = {isa = PBXBuildFile; fileRef = 9DFC4B852873415800734B84 /* ForecastViewController.swift */; };
		9DFC4B892873417F00734B84 /* ForecastViewModel.swift in Sources */ = {isa = PBXBuildFile; fileRef = 9DFC4B882873417F00734B84 /* ForecastViewModel.swift */; };
		9DFC4B8E2873430700734B84 /* ForecastItemTableViewCell.swift in Sources */ = {isa = PBXBuildFile; fileRef = 9DFC4B8D2873430700734B84 /* ForecastItemTableViewCell.swift */; };
		9DFC4B90287345EE00734B84 /* ForecastItem.swift in Sources */ = {isa = PBXBuildFile; fileRef = 9DFC4B8F287345EE00734B84 /* ForecastItem.swift */; };
		9DFC4B9328734EBA00734B84 /* AlamofireImage in Frameworks */ = {isa = PBXBuildFile; productRef = 9DFC4B9228734EBA00734B84 /* AlamofireImage */; };
/* End PBXBuildFile section */

/* Begin PBXFileReference section */
		9DAB53B428706BF2009A53B4 /* NABWeather.app */ = {isa = PBXFileReference; explicitFileType = wrapper.application; includeInIndex = 0; path = NABWeather.app; sourceTree = BUILT_PRODUCTS_DIR; };
		9DAB53B728706BF2009A53B4 /* AppDelegate.swift */ = {isa = PBXFileReference; lastKnownFileType = sourcecode.swift; path = AppDelegate.swift; sourceTree = "<group>"; };
		9DAB53B928706BF2009A53B4 /* SceneDelegate.swift */ = {isa = PBXFileReference; lastKnownFileType = sourcecode.swift; path = SceneDelegate.swift; sourceTree = "<group>"; };
		9DAB53BB28706BF2009A53B4 /* ViewController.swift */ = {isa = PBXFileReference; lastKnownFileType = sourcecode.swift; path = ViewController.swift; sourceTree = "<group>"; };
		9DAB53BE28706BF2009A53B4 /* Base */ = {isa = PBXFileReference; lastKnownFileType = file.storyboard; name = Base; path = Base.lproj/Main.storyboard; sourceTree = "<group>"; };
		9DAB53C128706BF2009A53B4 /* NABWeather.xcdatamodel */ = {isa = PBXFileReference; lastKnownFileType = wrapper.xcdatamodel; path = NABWeather.xcdatamodel; sourceTree = "<group>"; };
		9DAB53C328706BF3009A53B4 /* Assets.xcassets */ = {isa = PBXFileReference; lastKnownFileType = folder.assetcatalog; path = Assets.xcassets; sourceTree = "<group>"; };
		9DAB53C628706BF3009A53B4 /* Base */ = {isa = PBXFileReference; lastKnownFileType = file.storyboard; name = Base; path = Base.lproj/LaunchScreen.storyboard; sourceTree = "<group>"; };
		9DAB53C828706BF3009A53B4 /* Info.plist */ = {isa = PBXFileReference; lastKnownFileType = text.plist.xml; path = Info.plist; sourceTree = "<group>"; };
		9DAB53D32871623A009A53B4 /* NABWeatherDomain */ = {isa = PBXFileReference; lastKnownFileType = wrapper; name = NABWeatherDomain; path = NABWeather/NABWeatherDomain; sourceTree = "<group>"; };
		9DAB53D728718E4B009A53B4 /* NetworkConfig.swift */ = {isa = PBXFileReference; lastKnownFileType = sourcecode.swift; path = NetworkConfig.swift; sourceTree = "<group>"; };
		9DAB53DD2871911D009A53B4 /* DataTransferService.swift */ = {isa = PBXFileReference; lastKnownFileType = sourcecode.swift; path = DataTransferService.swift; sourceTree = "<group>"; };
		9DAB53E3287192AB009A53B4 /* Requestable.swift */ = {isa = PBXFileReference; lastKnownFileType = sourcecode.swift; path = Requestable.swift; sourceTree = "<group>"; };
		9DAB53E528719301009A53B4 /* NetworkProvider.swift */ = {isa = PBXFileReference; lastKnownFileType = sourcecode.swift; path = NetworkProvider.swift; sourceTree = "<group>"; };
		9DAB53E7287194BA009A53B4 /* Endpoint.swift */ = {isa = PBXFileReference; lastKnownFileType = sourcecode.swift; path = Endpoint.swift; sourceTree = "<group>"; };
		9DAB53E928719535009A53B4 /* DataTransferService+TypeErasure.swift */ = {isa = PBXFileReference; lastKnownFileType = sourcecode.swift; path = "DataTransferService+TypeErasure.swift"; sourceTree = "<group>"; };
		9DAB53EC28719A0F009A53B4 /* DailyForecast.swift */ = {isa = PBXFileReference; lastKnownFileType = sourcecode.swift; path = DailyForecast.swift; sourceTree = "<group>"; };
		9DAB53EE28719FE0009A53B4 /* TargetType+Weather.swift */ = {isa = PBXFileReference; lastKnownFileType = sourcecode.swift; path = "TargetType+Weather.swift"; sourceTree = "<group>"; };
		9DAB53F02871DC01009A53B4 /* ForecastResponse.swift */ = {isa = PBXFileReference; lastKnownFileType = sourcecode.swift; path = ForecastResponse.swift; sourceTree = "<group>"; };
		9DAB53F22871E3FB009A53B4 /* ForecastRepositoryImpl+MemCache.swift */ = {isa = PBXFileReference; lastKnownFileType = sourcecode.swift; path = "ForecastRepositoryImpl+MemCache.swift"; sourceTree = "<group>"; };
		9DAB53F42871E43D009A53B4 /* ForecastRepositoryImpl+Coredata.swift */ = {isa = PBXFileReference; lastKnownFileType = sourcecode.swift; path = "ForecastRepositoryImpl+Coredata.swift"; sourceTree = "<group>"; };
		9DB31D71287213C3009FC20E /* Cache.swift */ = {isa = PBXFileReference; lastKnownFileType = sourcecode.swift; path = Cache.swift; sourceTree = "<group>"; };
		9DB31D7328721DB8009FC20E /* ForeCastEntities+Extensions.swift */ = {isa = PBXFileReference; lastKnownFileType = sourcecode.swift; path = "ForeCastEntities+Extensions.swift"; sourceTree = "<group>"; };
		9DFC4B852873415800734B84 /* ForecastViewController.swift */ = {isa = PBXFileReference; lastKnownFileType = sourcecode.swift; path = ForecastViewController.swift; sourceTree = "<group>"; };
		9DFC4B882873417F00734B84 /* ForecastViewModel.swift */ = {isa = PBXFileReference; lastKnownFileType = sourcecode.swift; path = ForecastViewModel.swift; sourceTree = "<group>"; };
		9DFC4B8D2873430700734B84 /* ForecastItemTableViewCell.swift */ = {isa = PBXFileReference; lastKnownFileType = sourcecode.swift; path = ForecastItemTableViewCell.swift; sourceTree = "<group>"; };
		9DFC4B8F287345EE00734B84 /* ForecastItem.swift */ = {isa = PBXFileReference; lastKnownFileType = sourcecode.swift; path = ForecastItem.swift; sourceTree = "<group>"; };
/* End PBXFileReference section */

/* Begin PBXFrameworksBuildPhase section */
		9DAB53B128706BF2009A53B4 /* Frameworks */ = {
			isa = PBXFrameworksBuildPhase;
			buildActionMask = 2147483647;
			files = (
				9DAB53DC287190DC009A53B4 /* Moya in Frameworks */,
				9DAB53E228719228009A53B4 /* NABWeatherDomain in Frameworks */,
				9DFC4B9328734EBA00734B84 /* AlamofireImage in Frameworks */,
			);
			runOnlyForDeploymentPostprocessing = 0;
		};
/* End PBXFrameworksBuildPhase section */

/* Begin PBXGroup section */
		9DAB53AB28706BF2009A53B4 = {
			isa = PBXGroup;
			children = (
				9DAB53D22871623A009A53B4 /* Packages */,
				9DAB53B628706BF2009A53B4 /* NABWeather */,
				9DAB53B528706BF2009A53B4 /* Products */,
				9DAB53E028719228009A53B4 /* Frameworks */,
			);
			sourceTree = "<group>";
		};
		9DAB53B528706BF2009A53B4 /* Products */ = {
			isa = PBXGroup;
			children = (
				9DAB53B428706BF2009A53B4 /* NABWeather.app */,
			);
			name = Products;
			sourceTree = "<group>";
		};
		9DAB53B628706BF2009A53B4 /* NABWeather */ = {
			isa = PBXGroup;
			children = (
				9DFC4B842873413F00734B84 /* Forecast */,
				9DAB53B728706BF2009A53B4 /* AppDelegate.swift */,
				9DAB53B928706BF2009A53B4 /* SceneDelegate.swift */,
				9DAB53BB28706BF2009A53B4 /* ViewController.swift */,
				9DAB53BD28706BF2009A53B4 /* Main.storyboard */,
				9DAB53C328706BF3009A53B4 /* Assets.xcassets */,
				9DAB53C528706BF3009A53B4 /* LaunchScreen.storyboard */,
				9DAB53C828706BF3009A53B4 /* Info.plist */,
				9DAB53C028706BF2009A53B4 /* NABWeather.xcdatamodeld */,
				9DAB53CF28707235009A53B4 /* Data */,
				9DAB53CE28707227009A53B4 /* Presenter */,
			);
			path = NABWeather;
			sourceTree = "<group>";
		};
		9DAB53CE28707227009A53B4 /* Presenter */ = {
			isa = PBXGroup;
			children = (
			);
			path = Presenter;
			sourceTree = "<group>";
		};
		9DAB53CF28707235009A53B4 /* Data */ = {
			isa = PBXGroup;
			children = (
				9DAB53D428716390009A53B4 /* Repositories */,
				9DB31D6E28720AE6009FC20E /* Storages */,
				9DAB53D52871639F009A53B4 /* Network */,
				9DAB53D6287163C5009A53B4 /* PersistentStorage */,
			);
			path = Data;
			sourceTree = "<group>";
		};
		9DAB53D22871623A009A53B4 /* Packages */ = {
			isa = PBXGroup;
			children = (
				9DAB53D32871623A009A53B4 /* NABWeatherDomain */,
			);
			name = Packages;
			sourceTree = "<group>";
		};
		9DAB53D428716390009A53B4 /* Repositories */ = {
			isa = PBXGroup;
			children = (
				9DAB53F22871E3FB009A53B4 /* ForecastRepositoryImpl+MemCache.swift */,
				9DAB53F42871E43D009A53B4 /* ForecastRepositoryImpl+Coredata.swift */,
			);
			path = Repositories;
			sourceTree = "<group>";
		};
		9DAB53D52871639F009A53B4 /* Network */ = {
			isa = PBXGroup;
			children = (
				9DAB53EB287199FA009A53B4 /* DailyForecast */,
				9DAB53D728718E4B009A53B4 /* NetworkConfig.swift */,
				9DAB53DD2871911D009A53B4 /* DataTransferService.swift */,
				9DAB53E928719535009A53B4 /* DataTransferService+TypeErasure.swift */,
				9DAB53E3287192AB009A53B4 /* Requestable.swift */,
				9DAB53E528719301009A53B4 /* NetworkProvider.swift */,
				9DAB53E7287194BA009A53B4 /* Endpoint.swift */,
				9DAB53EE28719FE0009A53B4 /* TargetType+Weather.swift */,
			);
			path = Network;
			sourceTree = "<group>";
		};
		9DAB53D6287163C5009A53B4 /* PersistentStorage */ = {
			isa = PBXGroup;
			children = (
			);
			path = PersistentStorage;
			sourceTree = "<group>";
		};
		9DAB53E028719228009A53B4 /* Frameworks */ = {
			isa = PBXGroup;
			children = (
			);
			name = Frameworks;
			sourceTree = "<group>";
		};
		9DAB53EB287199FA009A53B4 /* DailyForecast */ = {
			isa = PBXGroup;
			children = (
				9DAB53EC28719A0F009A53B4 /* DailyForecast.swift */,
				9DAB53F02871DC01009A53B4 /* ForecastResponse.swift */,
			);
			path = DailyForecast;
			sourceTree = "<group>";
		};
		9DB31D6E28720AE6009FC20E /* Storages */ = {
			isa = PBXGroup;
			children = (
				9DB31D71287213C3009FC20E /* Cache.swift */,
				9DB31D7328721DB8009FC20E /* ForeCastEntities+Extensions.swift */,
			);
			path = Storages;
			sourceTree = "<group>";
		};
		9DFC4B842873413F00734B84 /* Forecast */ = {
			isa = PBXGroup;
			children = (
				9DFC4B8C287342E900734B84 /* View */,
				9DFC4B8A287342DE00734B84 /* Model */,
				9DFC4B852873415800734B84 /* ForecastViewController.swift */,
				9DFC4B882873417F00734B84 /* ForecastViewModel.swift */,
			);
			path = Forecast;
			sourceTree = "<group>";
		};
		9DFC4B8A287342DE00734B84 /* Model */ = {
			isa = PBXGroup;
			children = (
				9DFC4B8F287345EE00734B84 /* ForecastItem.swift */,
			);
			path = Model;
			sourceTree = "<group>";
		};
		9DFC4B8C287342E900734B84 /* View */ = {
			isa = PBXGroup;
			children = (
				9DFC4B8D2873430700734B84 /* ForecastItemTableViewCell.swift */,
			);
			path = View;
			sourceTree = "<group>";
		};
/* End PBXGroup section */

/* Begin PBXNativeTarget section */
		9DAB53B328706BF2009A53B4 /* NABWeather */ = {
			isa = PBXNativeTarget;
			buildConfigurationList = 9DAB53CB28706BF3009A53B4 /* Build configuration list for PBXNativeTarget "NABWeather" */;
			buildPhases = (
				9DAB53B028706BF2009A53B4 /* Sources */,
				9DAB53B128706BF2009A53B4 /* Frameworks */,
				9DAB53B228706BF2009A53B4 /* Resources */,
			);
			buildRules = (
			);
			dependencies = (
			);
			name = NABWeather;
			packageProductDependencies = (
				9DAB53DB287190DC009A53B4 /* Moya */,
				9DAB53E128719228009A53B4 /* NABWeatherDomain */,
				9DFC4B9228734EBA00734B84 /* AlamofireImage */,
			);
			productName = NABWeather;
			productReference = 9DAB53B428706BF2009A53B4 /* NABWeather.app */;
			productType = "com.apple.product-type.application";
		};
/* End PBXNativeTarget section */

/* Begin PBXProject section */
		9DAB53AC28706BF2009A53B4 /* Project object */ = {
			isa = PBXProject;
			attributes = {
				BuildIndependentTargetsInParallel = 1;
				LastSwiftUpdateCheck = 1320;
				LastUpgradeCheck = 1320;
				TargetAttributes = {
					9DAB53B328706BF2009A53B4 = {
						CreatedOnToolsVersion = 13.2.1;
					};
				};
			};
			buildConfigurationList = 9DAB53AF28706BF2009A53B4 /* Build configuration list for PBXProject "NABWeather" */;
			compatibilityVersion = "Xcode 13.0";
			developmentRegion = en;
			hasScannedForEncodings = 0;
			knownRegions = (
				en,
				Base,
			);
			mainGroup = 9DAB53AB28706BF2009A53B4;
			packageReferences = (
				9DAB53DA287190DC009A53B4 /* XCRemoteSwiftPackageReference "Moya" */,
				9DFC4B9128734EBA00734B84 /* XCRemoteSwiftPackageReference "AlamofireImage" */,
			);
			productRefGroup = 9DAB53B528706BF2009A53B4 /* Products */;
			projectDirPath = "";
			projectRoot = "";
			targets = (
				9DAB53B328706BF2009A53B4 /* NABWeather */,
			);
		};
/* End PBXProject section */

/* Begin PBXResourcesBuildPhase section */
		9DAB53B228706BF2009A53B4 /* Resources */ = {
			isa = PBXResourcesBuildPhase;
			buildActionMask = 2147483647;
			files = (
				9DAB53C728706BF3009A53B4 /* LaunchScreen.storyboard in Resources */,
				9DAB53C428706BF3009A53B4 /* Assets.xcassets in Resources */,
				9DAB53BF28706BF2009A53B4 /* Main.storyboard in Resources */,
			);
			runOnlyForDeploymentPostprocessing = 0;
		};
/* End PBXResourcesBuildPhase section */

/* Begin PBXSourcesBuildPhase section */
		9DAB53B028706BF2009A53B4 /* Sources */ = {
			isa = PBXSourcesBuildPhase;
			buildActionMask = 2147483647;
			files = (
				9DAB53DE2871911D009A53B4 /* DataTransferService.swift in Sources */,
				9DAB53F52871E43D009A53B4 /* ForecastRepositoryImpl+Coredata.swift in Sources */,
				9DAB53E8287194BA009A53B4 /* Endpoint.swift in Sources */,
				9DFC4B8E2873430700734B84 /* ForecastItemTableViewCell.swift in Sources */,
				9DFC4B892873417F00734B84 /* ForecastViewModel.swift in Sources */,
				9DAB53E4287192AB009A53B4 /* Requestable.swift in Sources */,
				9DB31D72287213C3009FC20E /* Cache.swift in Sources */,
				9DAB53F12871DC01009A53B4 /* ForecastResponse.swift in Sources */,
				9DAB53C228706BF2009A53B4 /* NABWeather.xcdatamodeld in Sources */,
				9DAB53ED28719A0F009A53B4 /* DailyForecast.swift in Sources */,
				9DAB53D828718E4B009A53B4 /* NetworkConfig.swift in Sources */,
				9DAB53BC28706BF2009A53B4 /* ViewController.swift in Sources */,
				9DAB53EA28719535009A53B4 /* DataTransferService+TypeErasure.swift in Sources */,
				9DFC4B90287345EE00734B84 /* ForecastItem.swift in Sources */,
				9DFC4B862873415800734B84 /* ForecastViewController.swift in Sources */,
				9DAB53E628719301009A53B4 /* NetworkProvider.swift in Sources */,
				9DAB53F32871E3FB009A53B4 /* ForecastRepositoryImpl+MemCache.swift in Sources */,
				9DB31D7428721DB8009FC20E /* ForeCastEntities+Extensions.swift in Sources */,
				9DAB53B828706BF2009A53B4 /* AppDelegate.swift in Sources */,
				9DAB53BA28706BF2009A53B4 /* SceneDelegate.swift in Sources */,
				9DAB53EF28719FE0009A53B4 /* TargetType+Weather.swift in Sources */,
			);
			runOnlyForDeploymentPostprocessing = 0;
		};
/* End PBXSourcesBuildPhase section */

/* Begin PBXVariantGroup section */
		9DAB53BD28706BF2009A53B4 /* Main.storyboard */ = {
			isa = PBXVariantGroup;
			children = (
				9DAB53BE28706BF2009A53B4 /* Base */,
			);
			name = Main.storyboard;
			sourceTree = "<group>";
		};
		9DAB53C528706BF3009A53B4 /* LaunchScreen.storyboard */ = {
			isa = PBXVariantGroup;
			children = (
				9DAB53C628706BF3009A53B4 /* Base */,
			);
			name = LaunchScreen.storyboard;
			sourceTree = "<group>";
		};
/* End PBXVariantGroup section */

/* Begin XCBuildConfiguration section */
		9DAB53C928706BF3009A53B4 /* Debug */ = {
			isa = XCBuildConfiguration;
			buildSettings = {
				ALWAYS_SEARCH_USER_PATHS = NO;
				CLANG_ANALYZER_NONNULL = YES;
				CLANG_ANALYZER_NUMBER_OBJECT_CONVERSION = YES_AGGRESSIVE;
				CLANG_CXX_LANGUAGE_STANDARD = "gnu++17";
				CLANG_CXX_LIBRARY = "libc++";
				CLANG_ENABLE_MODULES = YES;
				CLANG_ENABLE_OBJC_ARC = YES;
				CLANG_ENABLE_OBJC_WEAK = YES;
				CLANG_WARN_BLOCK_CAPTURE_AUTORELEASING = YES;
				CLANG_WARN_BOOL_CONVERSION = YES;
				CLANG_WARN_COMMA = YES;
				CLANG_WARN_CONSTANT_CONVERSION = YES;
				CLANG_WARN_DEPRECATED_OBJC_IMPLEMENTATIONS = YES;
				CLANG_WARN_DIRECT_OBJC_ISA_USAGE = YES_ERROR;
				CLANG_WARN_DOCUMENTATION_COMMENTS = YES;
				CLANG_WARN_EMPTY_BODY = YES;
				CLANG_WARN_ENUM_CONVERSION = YES;
				CLANG_WARN_INFINITE_RECURSION = YES;
				CLANG_WARN_INT_CONVERSION = YES;
				CLANG_WARN_NON_LITERAL_NULL_CONVERSION = YES;
				CLANG_WARN_OBJC_IMPLICIT_RETAIN_SELF = YES;
				CLANG_WARN_OBJC_LITERAL_CONVERSION = YES;
				CLANG_WARN_OBJC_ROOT_CLASS = YES_ERROR;
				CLANG_WARN_QUOTED_INCLUDE_IN_FRAMEWORK_HEADER = YES;
				CLANG_WARN_RANGE_LOOP_ANALYSIS = YES;
				CLANG_WARN_STRICT_PROTOTYPES = YES;
				CLANG_WARN_SUSPICIOUS_MOVE = YES;
				CLANG_WARN_UNGUARDED_AVAILABILITY = YES_AGGRESSIVE;
				CLANG_WARN_UNREACHABLE_CODE = YES;
				CLANG_WARN__DUPLICATE_METHOD_MATCH = YES;
				COPY_PHASE_STRIP = NO;
				DEBUG_INFORMATION_FORMAT = dwarf;
				ENABLE_STRICT_OBJC_MSGSEND = YES;
				ENABLE_TESTABILITY = YES;
				GCC_C_LANGUAGE_STANDARD = gnu11;
				GCC_DYNAMIC_NO_PIC = NO;
				GCC_NO_COMMON_BLOCKS = YES;
				GCC_OPTIMIZATION_LEVEL = 0;
				GCC_PREPROCESSOR_DEFINITIONS = (
					"DEBUG=1",
					"$(inherited)",
				);
				GCC_WARN_64_TO_32_BIT_CONVERSION = YES;
				GCC_WARN_ABOUT_RETURN_TYPE = YES_ERROR;
				GCC_WARN_UNDECLARED_SELECTOR = YES;
				GCC_WARN_UNINITIALIZED_AUTOS = YES_AGGRESSIVE;
				GCC_WARN_UNUSED_FUNCTION = YES;
				GCC_WARN_UNUSED_VARIABLE = YES;
				IPHONEOS_DEPLOYMENT_TARGET = 15.2;
				MTL_ENABLE_DEBUG_INFO = INCLUDE_SOURCE;
				MTL_FAST_MATH = YES;
				ONLY_ACTIVE_ARCH = YES;
				SDKROOT = iphoneos;
				SWIFT_ACTIVE_COMPILATION_CONDITIONS = DEBUG;
				SWIFT_OPTIMIZATION_LEVEL = "-Onone";
			};
			name = Debug;
		};
		9DAB53CA28706BF3009A53B4 /* Release */ = {
			isa = XCBuildConfiguration;
			buildSettings = {
				ALWAYS_SEARCH_USER_PATHS = NO;
				CLANG_ANALYZER_NONNULL = YES;
				CLANG_ANALYZER_NUMBER_OBJECT_CONVERSION = YES_AGGRESSIVE;
				CLANG_CXX_LANGUAGE_STANDARD = "gnu++17";
				CLANG_CXX_LIBRARY = "libc++";
				CLANG_ENABLE_MODULES = YES;
				CLANG_ENABLE_OBJC_ARC = YES;
				CLANG_ENABLE_OBJC_WEAK = YES;
				CLANG_WARN_BLOCK_CAPTURE_AUTORELEASING = YES;
				CLANG_WARN_BOOL_CONVERSION = YES;
				CLANG_WARN_COMMA = YES;
				CLANG_WARN_CONSTANT_CONVERSION = YES;
				CLANG_WARN_DEPRECATED_OBJC_IMPLEMENTATIONS = YES;
				CLANG_WARN_DIRECT_OBJC_ISA_USAGE = YES_ERROR;
				CLANG_WARN_DOCUMENTATION_COMMENTS = YES;
				CLANG_WARN_EMPTY_BODY = YES;
				CLANG_WARN_ENUM_CONVERSION = YES;
				CLANG_WARN_INFINITE_RECURSION = YES;
				CLANG_WARN_INT_CONVERSION = YES;
				CLANG_WARN_NON_LITERAL_NULL_CONVERSION = YES;
				CLANG_WARN_OBJC_IMPLICIT_RETAIN_SELF = YES;
				CLANG_WARN_OBJC_LITERAL_CONVERSION = YES;
				CLANG_WARN_OBJC_ROOT_CLASS = YES_ERROR;
				CLANG_WARN_QUOTED_INCLUDE_IN_FRAMEWORK_HEADER = YES;
				CLANG_WARN_RANGE_LOOP_ANALYSIS = YES;
				CLANG_WARN_STRICT_PROTOTYPES = YES;
				CLANG_WARN_SUSPICIOUS_MOVE = YES;
				CLANG_WARN_UNGUARDED_AVAILABILITY = YES_AGGRESSIVE;
				CLANG_WARN_UNREACHABLE_CODE = YES;
				CLANG_WARN__DUPLICATE_METHOD_MATCH = YES;
				COPY_PHASE_STRIP = NO;
				DEBUG_INFORMATION_FORMAT = "dwarf-with-dsym";
				ENABLE_NS_ASSERTIONS = NO;
				ENABLE_STRICT_OBJC_MSGSEND = YES;
				GCC_C_LANGUAGE_STANDARD = gnu11;
				GCC_NO_COMMON_BLOCKS = YES;
				GCC_WARN_64_TO_32_BIT_CONVERSION = YES;
				GCC_WARN_ABOUT_RETURN_TYPE = YES_ERROR;
				GCC_WARN_UNDECLARED_SELECTOR = YES;
				GCC_WARN_UNINITIALIZED_AUTOS = YES_AGGRESSIVE;
				GCC_WARN_UNUSED_FUNCTION = YES;
				GCC_WARN_UNUSED_VARIABLE = YES;
				IPHONEOS_DEPLOYMENT_TARGET = 15.2;
				MTL_ENABLE_DEBUG_INFO = NO;
				MTL_FAST_MATH = YES;
				SDKROOT = iphoneos;
				SWIFT_COMPILATION_MODE = wholemodule;
				SWIFT_OPTIMIZATION_LEVEL = "-O";
				VALIDATE_PRODUCT = YES;
			};
			name = Release;
		};
		9DAB53CC28706BF3009A53B4 /* Debug */ = {
			isa = XCBuildConfiguration;
			buildSettings = {
				ASSETCATALOG_COMPILER_APPICON_NAME = AppIcon;
				ASSETCATALOG_COMPILER_GLOBAL_ACCENT_COLOR_NAME = AccentColor;
				CODE_SIGN_STYLE = Automatic;
				CURRENT_PROJECT_VERSION = 1;
				GENERATE_INFOPLIST_FILE = YES;
				INFOPLIST_FILE = NABWeather/Info.plist;
				INFOPLIST_KEY_UIApplicationSupportsIndirectInputEvents = YES;
				INFOPLIST_KEY_UILaunchStoryboardName = LaunchScreen;
				INFOPLIST_KEY_UIMainStoryboardFile = Main;
				INFOPLIST_KEY_UISupportedInterfaceOrientations_iPad = "UIInterfaceOrientationPortrait UIInterfaceOrientationPortraitUpsideDown UIInterfaceOrientationLandscapeLeft UIInterfaceOrientationLandscapeRight";
				INFOPLIST_KEY_UISupportedInterfaceOrientations_iPhone = "UIInterfaceOrientationPortrait UIInterfaceOrientationLandscapeLeft UIInterfaceOrientationLandscapeRight";
				IPHONEOS_DEPLOYMENT_TARGET = 13.0;
				LD_RUNPATH_SEARCH_PATHS = (
					"$(inherited)",
					"@executable_path/Frameworks",
				);
				MARKETING_VERSION = 1.0;
				PRODUCT_BUNDLE_IDENTIFIER = com.bill.assignment.NABWeather;
				PRODUCT_NAME = "$(TARGET_NAME)";
				SWIFT_EMIT_LOC_STRINGS = YES;
				SWIFT_VERSION = 5.0;
				TARGETED_DEVICE_FAMILY = "1,2";
			};
			name = Debug;
		};
		9DAB53CD28706BF3009A53B4 /* Release */ = {
			isa = XCBuildConfiguration;
			buildSettings = {
				ASSETCATALOG_COMPILER_APPICON_NAME = AppIcon;
				ASSETCATALOG_COMPILER_GLOBAL_ACCENT_COLOR_NAME = AccentColor;
				CODE_SIGN_STYLE = Automatic;
				CURRENT_PROJECT_VERSION = 1;
				GENERATE_INFOPLIST_FILE = YES;
				INFOPLIST_FILE = NABWeather/Info.plist;
				INFOPLIST_KEY_UIApplicationSupportsIndirectInputEvents = YES;
				INFOPLIST_KEY_UILaunchStoryboardName = LaunchScreen;
				INFOPLIST_KEY_UIMainStoryboardFile = Main;
				INFOPLIST_KEY_UISupportedInterfaceOrientations_iPad = "UIInterfaceOrientationPortrait UIInterfaceOrientationPortraitUpsideDown UIInterfaceOrientationLandscapeLeft UIInterfaceOrientationLandscapeRight";
				INFOPLIST_KEY_UISupportedInterfaceOrientations_iPhone = "UIInterfaceOrientationPortrait UIInterfaceOrientationLandscapeLeft UIInterfaceOrientationLandscapeRight";
				IPHONEOS_DEPLOYMENT_TARGET = 13.0;
				LD_RUNPATH_SEARCH_PATHS = (
					"$(inherited)",
					"@executable_path/Frameworks",
				);
				MARKETING_VERSION = 1.0;
				PRODUCT_BUNDLE_IDENTIFIER = com.bill.assignment.NABWeather;
				PRODUCT_NAME = "$(TARGET_NAME)";
				SWIFT_EMIT_LOC_STRINGS = YES;
				SWIFT_VERSION = 5.0;
				TARGETED_DEVICE_FAMILY = "1,2";
			};
			name = Release;
		};
/* End XCBuildConfiguration section */

/* Begin XCConfigurationList section */
		9DAB53AF28706BF2009A53B4 /* Build configuration list for PBXProject "NABWeather" */ = {
			isa = XCConfigurationList;
			buildConfigurations = (
				9DAB53C928706BF3009A53B4 /* Debug */,
				9DAB53CA28706BF3009A53B4 /* Release */,
			);
			defaultConfigurationIsVisible = 0;
			defaultConfigurationName = Release;
		};
		9DAB53CB28706BF3009A53B4 /* Build configuration list for PBXNativeTarget "NABWeather" */ = {
			isa = XCConfigurationList;
			buildConfigurations = (
				9DAB53CC28706BF3009A53B4 /* Debug */,
				9DAB53CD28706BF3009A53B4 /* Release */,
			);
			defaultConfigurationIsVisible = 0;
			defaultConfigurationName = Release;
		};
/* End XCConfigurationList section */

/* Begin XCRemoteSwiftPackageReference section */
		9DAB53DA287190DC009A53B4 /* XCRemoteSwiftPackageReference "Moya" */ = {
			isa = XCRemoteSwiftPackageReference;
			repositoryURL = "https://github.com/Moya/Moya";
			requirement = {
				kind = upToNextMajorVersion;
				minimumVersion = 15.0.0;
			};
		};
		9DFC4B9128734EBA00734B84 /* XCRemoteSwiftPackageReference "AlamofireImage" */ = {
			isa = XCRemoteSwiftPackageReference;
			repositoryURL = "https://github.com/Alamofire/AlamofireImage";
			requirement = {
				branch = master;
				kind = branch;
			};
		};
/* End XCRemoteSwiftPackageReference section */

/* Begin XCSwiftPackageProductDependency section */
		9DAB53DB287190DC009A53B4 /* Moya */ = {
			isa = XCSwiftPackageProductDependency;
			package = 9DAB53DA287190DC009A53B4 /* XCRemoteSwiftPackageReference "Moya" */;
			productName = Moya;
		};
		9DAB53E128719228009A53B4 /* NABWeatherDomain */ = {
			isa = XCSwiftPackageProductDependency;
			productName = NABWeatherDomain;
		};
		9DFC4B9228734EBA00734B84 /* AlamofireImage */ = {
			isa = XCSwiftPackageProductDependency;
			package = 9DFC4B9128734EBA00734B84 /* XCRemoteSwiftPackageReference "AlamofireImage" */;
			productName = AlamofireImage;
		};
/* End XCSwiftPackageProductDependency section */

/* Begin XCVersionGroup section */
		9DAB53C028706BF2009A53B4 /* NABWeather.xcdatamodeld */ = {
			isa = XCVersionGroup;
			children = (
				9DAB53C128706BF2009A53B4 /* NABWeather.xcdatamodel */,
			);
			currentVersion = 9DAB53C128706BF2009A53B4 /* NABWeather.xcdatamodel */;
			path = NABWeather.xcdatamodeld;
			sourceTree = "<group>";
			versionGroupType = wrapper.xcdatamodel;
		};
/* End XCVersionGroup section */
	};
	rootObject = 9DAB53AC28706BF2009A53B4 /* Project object */;
}
